
Microsoft Visual Studio Solution File, Format Version 12.00
# Visual Studio Version 17
VisualStudioVersion = 17.4.33103.184
MinimumVisualStudioVersion = 10.0.40219.1
Project("{FAE04EC0-301F-11D3-BF4B-00C04F79EFBC}") = "MeetingRoomBooking", "MeetingRoomBooking\MeetingRoomBooking.csproj", "{E499BA7C-6E32-401C-AF7F-24137AF1A845}"
EndProject
Global
	GlobalSection(SolutionConfigurationPlatforms) = preSolution
		Debug|Any CPU = Debug|Any CPU
		Release|Any CPU = Release|Any CPU
	EndGlobalSection
	GlobalSection(ProjectConfigurationPlatforms) = postSolution
		{E499BA7C-6E32-401C-AF7F-24137AF1A845}.Debug|Any CPU.ActiveCfg = Debug|Any CPU
		{E499BA7C-6E32-401C-AF7F-24137AF1A845}.Debug|Any CPU.Build.0 = Debug|Any CPU
		{E499BA7C-6E32-401C-AF7F-24137AF1A845}.Release|Any CPU.ActiveCfg = Release|Any CPU
		{E499BA7C-6E32-401C-AF7F-24137AF1A845}.Release|Any CPU.Build.0 = Release|Any CPU
	EndGlobalSection
	GlobalSection(SolutionProperties) = preSolution
		HideSolutionNode = FALSE
	EndGlobalSection
	GlobalSection(ExtensibilityGlobals) = postSolution
		SolutionGuid = {995970D5-835F-4231-9866-8AF59BAE7D49}
	EndGlobalSection
EndGlobal
